
Microsoft Visual Studio Solution File, Format Version 12.00
# Visual Studio 15
VisualStudioVersion = 15.0.27130.2020
MinimumVisualStudioVersion = 10.0.40219.1
Project("{E24C65DC-7377-472B-9ABA-BC803B73C61A}") = "CoolGadgets", "CoolGadgets\", "{79D44FEA-F0D2-462F-A58B-68A538DDA7A3}"
	ProjectSection(WebsiteProperties) = preProject
		TargetFrameworkMoniker = ".NETFramework,Version%3Dv4.6.1"
		Debug.AspNetCompiler.VirtualPath = "/localhost_57052"
		Debug.AspNetCompiler.PhysicalPath = "CoolGadgets\"
		Debug.AspNetCompiler.TargetPath = "PrecompiledWeb\localhost_57052\"
		Debug.AspNetCompiler.Updateable = "true"
		Debug.AspNetCompiler.ForceOverwrite = "true"
		Debug.AspNetCompiler.FixedNames = "false"
		Debug.AspNetCompiler.Debug = "True"
		Release.AspNetCompiler.VirtualPath = "/localhost_57052"
		Release.AspNetCompiler.PhysicalPath = "CoolGadgets\"
		Release.AspNetCompiler.TargetPath = "PrecompiledWeb\localhost_57052\"
		Release.AspNetCompiler.Updateable = "true"
		Release.AspNetCompiler.ForceOverwrite = "true"
		Release.AspNetCompiler.FixedNames = "false"
		Release.AspNetCompiler.Debug = "False"
		VWDPort = "57052"
		SlnRelativePath = "CoolGadgets\"
		DefaultWebSiteLanguage = "Visual C#"
	EndProjectSection
EndProject
Global
	GlobalSection(SolutionConfigurationPlatforms) = preSolution
		Debug|Any CPU = Debug|Any CPU
	EndGlobalSection
	GlobalSection(ProjectConfigurationPlatforms) = postSolution
		{79D44FEA-F0D2-462F-A58B-68A538DDA7A3}.Debug|Any CPU.ActiveCfg = Debug|Any CPU
		{79D44FEA-F0D2-462F-A58B-68A538DDA7A3}.Debug|Any CPU.Build.0 = Debug|Any CPU
	EndGlobalSection
	GlobalSection(SolutionProperties) = preSolution
		HideSolutionNode = FALSE
	EndGlobalSection
	GlobalSection(ExtensibilityGlobals) = postSolution
		SolutionGuid = {39156712-4A2E-4C16-B59D-E6B0EE718977}
	EndGlobalSection
EndGlobal
